
Microsoft Visual Studio Solution File, Format Version 12.00
# Visual Studio Version 16
VisualStudioVersion = 16.0.29519.181
MinimumVisualStudioVersion = 10.0.40219.1
Project("{9092AA53-FB77-4645-B42D-1CCCA6BD08BD}") = "KnowledgeKnockout", "KnowledgeKnockout\KnowledgeKnockout.njsproj", "{740ABD50-C86E-475E-989D-4958E1CA7180}"
EndProject
Global
	GlobalSection(SolutionConfigurationPlatforms) = preSolution
		Debug|Any CPU = Debug|Any CPU
		Release|Any CPU = Release|Any CPU
	EndGlobalSection
	GlobalSection(ProjectConfigurationPlatforms) = postSolution
		{740ABD50-C86E-475E-989D-4958E1CA7180}.Debug|Any CPU.ActiveCfg = Debug|Any CPU
		{740ABD50-C86E-475E-989D-4958E1CA7180}.Debug|Any CPU.Build.0 = Debug|Any CPU
		{740ABD50-C86E-475E-989D-4958E1CA7180}.Release|Any CPU.ActiveCfg = Release|Any CPU
		{740ABD50-C86E-475E-989D-4958E1CA7180}.Release|Any CPU.Build.0 = Release|Any CPU
	EndGlobalSection
	GlobalSection(SolutionProperties) = preSolution
		HideSolutionNode = FALSE
	EndGlobalSection
	GlobalSection(ExtensibilityGlobals) = postSolution
		SolutionGuid = {23944466-AB1A-4735-B95E-287304167069}
	EndGlobalSection
EndGlobal
